// !$*UTF8*$!
{
	archiveVersion = 1;
	classes = {
	};
	objectVersion = 55;
	objects = {

/* Begin PBXBuildFile section */
		B11A756528177E55007A2D0C /* Item+CoreDataClass.swift in Sources */ = {isa = PBXBuildFile; fileRef = B11A756128177E55007A2D0C /* Item+CoreDataClass.swift */; };
		B11A756628177E55007A2D0C /* Item+CoreDataProperties.swift in Sources */ = {isa = PBXBuildFile; fileRef = B11A756228177E55007A2D0C /* Item+CoreDataProperties.swift */; };
		B11A756728177E55007A2D0C /* Budget+CoreDataClass.swift in Sources */ = {isa = PBXBuildFile; fileRef = B11A756328177E55007A2D0C /* Budget+CoreDataClass.swift */; };
		B11A756828177E55007A2D0C /* Budget+CoreDataProperties.swift in Sources */ = {isa = PBXBuildFile; fileRef = B11A756428177E55007A2D0C /* Budget+CoreDataProperties.swift */; };
		B11A756A2818762A007A2D0C /* BudgetDetailCartCell.swift in Sources */ = {isa = PBXBuildFile; fileRef = B11A75692818762A007A2D0C /* BudgetDetailCartCell.swift */; };
		B11A756C281A3B33007A2D0C /* AppIcon.swift in Sources */ = {isa = PBXBuildFile; fileRef = B11A756B281A3B33007A2D0C /* AppIcon.swift */; };
		B15165582810FFCB00B17AFA /* BudgeModel.xcdatamodeld in Sources */ = {isa = PBXBuildFile; fileRef = B15165562810FFCB00B17AFA /* BudgeModel.xcdatamodeld */; };
		B1C516302812458100BC0FB3 /* CoreDataManager.swift in Sources */ = {isa = PBXBuildFile; fileRef = B1C5162F2812458100BC0FB3 /* CoreDataManager.swift */; };
		B1C516322812469800BC0FB3 /* ViewModel.swift in Sources */ = {isa = PBXBuildFile; fileRef = B1C516312812469800BC0FB3 /* ViewModel.swift */; };
		B1C5163428124DA400BC0FB3 /* BudgetListButton.swift in Sources */ = {isa = PBXBuildFile; fileRef = B1C5163328124DA400BC0FB3 /* BudgetListButton.swift */; };
		B1C516362812548900BC0FB3 /* BudgetSetup.swift in Sources */ = {isa = PBXBuildFile; fileRef = B1C516352812548900BC0FB3 /* BudgetSetup.swift */; };
		B1C5163828134A7E00BC0FB3 /* Bundle-Decode.swift in Sources */ = {isa = PBXBuildFile; fileRef = B1C5163728134A7E00BC0FB3 /* Bundle-Decode.swift */; };
		B1C5163B2813951E00BC0FB3 /* BudgeButton.swift in Sources */ = {isa = PBXBuildFile; fileRef = B1C5163A2813951E00BC0FB3 /* BudgeButton.swift */; };
		B1C5163E2814F46700BC0FB3 /* BudgetDetail.swift in Sources */ = {isa = PBXBuildFile; fileRef = B1C5163D2814F46700BC0FB3 /* BudgetDetail.swift */; };
		B1EE6232280E5B8700B5DFDE /* Budge_CDApp.swift in Sources */ = {isa = PBXBuildFile; fileRef = B1EE6231280E5B8700B5DFDE /* Budge_CDApp.swift */; };
		B1EE6234280E5B8700B5DFDE /* LaunchView.swift in Sources */ = {isa = PBXBuildFile; fileRef = B1EE6233280E5B8700B5DFDE /* LaunchView.swift */; };
		B1EE6236280E5B8800B5DFDE /* Assets.xcassets in Resources */ = {isa = PBXBuildFile; fileRef = B1EE6235280E5B8800B5DFDE /* Assets.xcassets */; };
		B1EE6239280E5B8800B5DFDE /* Preview Assets.xcassets in Resources */ = {isa = PBXBuildFile; fileRef = B1EE6238280E5B8800B5DFDE /* Preview Assets.xcassets */; };
		B1EE6245280F91EA00B5DFDE /* BudgeTabView.swift in Sources */ = {isa = PBXBuildFile; fileRef = B1EE6244280F91EA00B5DFDE /* BudgeTabView.swift */; };
		B1EE6248280F92B100B5DFDE /* Enums.swift in Sources */ = {isa = PBXBuildFile; fileRef = B1EE6247280F92B100B5DFDE /* Enums.swift */; };
		B1EE624B280F932C00B5DFDE /* BudgeColors.swift in Sources */ = {isa = PBXBuildFile; fileRef = B1EE624A280F932C00B5DFDE /* BudgeColors.swift */; };
		B1EE624F280F941C00B5DFDE /* Settings.swift in Sources */ = {isa = PBXBuildFile; fileRef = B1EE624E280F941C00B5DFDE /* Settings.swift */; };
		B1EE6251280F942F00B5DFDE /* Budgets.swift in Sources */ = {isa = PBXBuildFile; fileRef = B1EE6250280F942F00B5DFDE /* Budgets.swift */; };
		B1EE6253280F965200B5DFDE /* HapticsManager.swift in Sources */ = {isa = PBXBuildFile; fileRef = B1EE6252280F965200B5DFDE /* HapticsManager.swift */; };
		B1EE6255280F967500B5DFDE /* DismissKeyboard.swift in Sources */ = {isa = PBXBuildFile; fileRef = B1EE6254280F967500B5DFDE /* DismissKeyboard.swift */; };
		B1EE6257280F968700B5DFDE /* Constants.swift in Sources */ = {isa = PBXBuildFile; fileRef = B1EE6256280F968700B5DFDE /* Constants.swift */; };
		B1EE625A280F978700B5DFDE /* symbols.json in Resources */ = {isa = PBXBuildFile; fileRef = B1EE6259280F978700B5DFDE /* symbols.json */; };
		B1F3C8D3281632E8008EDCFF /* BudgetDetailList.swift in Sources */ = {isa = PBXBuildFile; fileRef = B1F3C8D2281632E8008EDCFF /* BudgetDetailList.swift */; };
		B1F3C8D5281632F1008EDCFF /* BudgetDetailCart.swift in Sources */ = {isa = PBXBuildFile; fileRef = B1F3C8D4281632F1008EDCFF /* BudgetDetailCart.swift */; };
		B1F3C8D72817316C008EDCFF /* BudgetDetailListCell.swift in Sources */ = {isa = PBXBuildFile; fileRef = B1F3C8D62817316C008EDCFF /* BudgetDetailListCell.swift */; };
		B1F3C8D928173A8A008EDCFF /* ComponentLabel.swift in Sources */ = {isa = PBXBuildFile; fileRef = B1F3C8D828173A8A008EDCFF /* ComponentLabel.swift */; };
/* End PBXBuildFile section */

/* Begin PBXFileReference section */
		B11A756128177E55007A2D0C /* Item+CoreDataClass.swift */ = {isa = PBXFileReference; lastKnownFileType = sourcecode.swift; path = "Item+CoreDataClass.swift"; sourceTree = "<group>"; };
		B11A756228177E55007A2D0C /* Item+CoreDataProperties.swift */ = {isa = PBXFileReference; lastKnownFileType = sourcecode.swift; path = "Item+CoreDataProperties.swift"; sourceTree = "<group>"; };
		B11A756328177E55007A2D0C /* Budget+CoreDataClass.swift */ = {isa = PBXFileReference; lastKnownFileType = sourcecode.swift; path = "Budget+CoreDataClass.swift"; sourceTree = "<group>"; };
		B11A756428177E55007A2D0C /* Budget+CoreDataProperties.swift */ = {isa = PBXFileReference; lastKnownFileType = sourcecode.swift; path = "Budget+CoreDataProperties.swift"; sourceTree = "<group>"; };
		B11A75692818762A007A2D0C /* BudgetDetailCartCell.swift */ = {isa = PBXFileReference; lastKnownFileType = sourcecode.swift; path = BudgetDetailCartCell.swift; sourceTree = "<group>"; };
		B11A756B281A3B33007A2D0C /* AppIcon.swift */ = {isa = PBXFileReference; lastKnownFileType = sourcecode.swift; path = AppIcon.swift; sourceTree = "<group>"; };
		B15165572810FFCB00B17AFA /* BudgeModel.xcdatamodel */ = {isa = PBXFileReference; lastKnownFileType = wrapper.xcdatamodel; path = BudgeModel.xcdatamodel; sourceTree = "<group>"; };
		B1C5162F2812458100BC0FB3 /* CoreDataManager.swift */ = {isa = PBXFileReference; lastKnownFileType = sourcecode.swift; path = CoreDataManager.swift; sourceTree = "<group>"; };
		B1C516312812469800BC0FB3 /* ViewModel.swift */ = {isa = PBXFileReference; lastKnownFileType = sourcecode.swift; path = ViewModel.swift; sourceTree = "<group>"; };
		B1C5163328124DA400BC0FB3 /* BudgetListButton.swift */ = {isa = PBXFileReference; lastKnownFileType = sourcecode.swift; path = BudgetListButton.swift; sourceTree = "<group>"; };
		B1C516352812548900BC0FB3 /* BudgetSetup.swift */ = {isa = PBXFileReference; lastKnownFileType = sourcecode.swift; path = BudgetSetup.swift; sourceTree = "<group>"; };
		B1C5163728134A7E00BC0FB3 /* Bundle-Decode.swift */ = {isa = PBXFileReference; lastKnownFileType = sourcecode.swift; path = "Bundle-Decode.swift"; sourceTree = "<group>"; };
		B1C5163A2813951E00BC0FB3 /* BudgeButton.swift */ = {isa = PBXFileReference; lastKnownFileType = sourcecode.swift; path = BudgeButton.swift; sourceTree = "<group>"; };
		B1C5163D2814F46700BC0FB3 /* BudgetDetail.swift */ = {isa = PBXFileReference; lastKnownFileType = sourcecode.swift; path = BudgetDetail.swift; sourceTree = "<group>"; };
		B1EE622E280E5B8700B5DFDE /* Budge.app */ = {isa = PBXFileReference; explicitFileType = wrapper.application; includeInIndex = 0; path = Budge.app; sourceTree = BUILT_PRODUCTS_DIR; };
		B1EE6231280E5B8700B5DFDE /* Budge_CDApp.swift */ = {isa = PBXFileReference; lastKnownFileType = sourcecode.swift; path = Budge_CDApp.swift; sourceTree = "<group>"; };
		B1EE6233280E5B8700B5DFDE /* LaunchView.swift */ = {isa = PBXFileReference; lastKnownFileType = sourcecode.swift; path = LaunchView.swift; sourceTree = "<group>"; };
		B1EE6235280E5B8800B5DFDE /* Assets.xcassets */ = {isa = PBXFileReference; lastKnownFileType = folder.assetcatalog; path = Assets.xcassets; sourceTree = "<group>"; };
		B1EE6238280E5B8800B5DFDE /* Preview Assets.xcassets */ = {isa = PBXFileReference; lastKnownFileType = folder.assetcatalog; path = "Preview Assets.xcassets"; sourceTree = "<group>"; };
		B1EE6244280F91EA00B5DFDE /* BudgeTabView.swift */ = {isa = PBXFileReference; lastKnownFileType = sourcecode.swift; path = BudgeTabView.swift; sourceTree = "<group>"; };
		B1EE6247280F92B100B5DFDE /* Enums.swift */ = {isa = PBXFileReference; lastKnownFileType = sourcecode.swift; path = Enums.swift; sourceTree = "<group>"; };
		B1EE624A280F932C00B5DFDE /* BudgeColors.swift */ = {isa = PBXFileReference; lastKnownFileType = sourcecode.swift; path = BudgeColors.swift; sourceTree = "<group>"; };
		B1EE624E280F941C00B5DFDE /* Settings.swift */ = {isa = PBXFileReference; lastKnownFileType = sourcecode.swift; path = Settings.swift; sourceTree = "<group>"; };
		B1EE6250280F942F00B5DFDE /* Budgets.swift */ = {isa = PBXFileReference; lastKnownFileType = sourcecode.swift; path = Budgets.swift; sourceTree = "<group>"; };
		B1EE6252280F965200B5DFDE /* HapticsManager.swift */ = {isa = PBXFileReference; lastKnownFileType = sourcecode.swift; path = HapticsManager.swift; sourceTree = "<group>"; };
		B1EE6254280F967500B5DFDE /* DismissKeyboard.swift */ = {isa = PBXFileReference; lastKnownFileType = sourcecode.swift; path = DismissKeyboard.swift; sourceTree = "<group>"; };
		B1EE6256280F968700B5DFDE /* Constants.swift */ = {isa = PBXFileReference; lastKnownFileType = sourcecode.swift; path = Constants.swift; sourceTree = "<group>"; };
		B1EE6259280F978700B5DFDE /* symbols.json */ = {isa = PBXFileReference; lastKnownFileType = text.json; path = symbols.json; sourceTree = "<group>"; };
		B1F3C8D2281632E8008EDCFF /* BudgetDetailList.swift */ = {isa = PBXFileReference; lastKnownFileType = sourcecode.swift; path = BudgetDetailList.swift; sourceTree = "<group>"; };
		B1F3C8D4281632F1008EDCFF /* BudgetDetailCart.swift */ = {isa = PBXFileReference; lastKnownFileType = sourcecode.swift; path = BudgetDetailCart.swift; sourceTree = "<group>"; };
		B1F3C8D62817316C008EDCFF /* BudgetDetailListCell.swift */ = {isa = PBXFileReference; lastKnownFileType = sourcecode.swift; path = BudgetDetailListCell.swift; sourceTree = "<group>"; };
		B1F3C8D828173A8A008EDCFF /* ComponentLabel.swift */ = {isa = PBXFileReference; lastKnownFileType = sourcecode.swift; path = ComponentLabel.swift; sourceTree = "<group>"; };
/* End PBXFileReference section */

/* Begin PBXFrameworksBuildPhase section */
		B1EE622B280E5B8700B5DFDE /* Frameworks */ = {
			isa = PBXFrameworksBuildPhase;
			buildActionMask = 2147483647;
			files = (
			);
			runOnlyForDeploymentPostprocessing = 0;
		};
/* End PBXFrameworksBuildPhase section */

/* Begin PBXGroup section */
		B1C5162E2812454500BC0FB3 /* CoreData */ = {
			isa = PBXGroup;
			children = (
				B11A756128177E55007A2D0C /* Item+CoreDataClass.swift */,
				B11A756228177E55007A2D0C /* Item+CoreDataProperties.swift */,
				B11A756328177E55007A2D0C /* Budget+CoreDataClass.swift */,
				B11A756428177E55007A2D0C /* Budget+CoreDataProperties.swift */,
				B15165562810FFCB00B17AFA /* BudgeModel.xcdatamodeld */,
				B1C5162F2812458100BC0FB3 /* CoreDataManager.swift */,
				B1C516312812469800BC0FB3 /* ViewModel.swift */,
			);
			path = CoreData;
			sourceTree = "<group>";
		};
		B1C516392813950F00BC0FB3 /* Components */ = {
			isa = PBXGroup;
			children = (
				B1C5163A2813951E00BC0FB3 /* BudgeButton.swift */,
				B1F3C8D828173A8A008EDCFF /* ComponentLabel.swift */,
			);
			path = Components;
			sourceTree = "<group>";
		};
		B1C5163C2814F30400BC0FB3 /* BudgetDetail */ = {
			isa = PBXGroup;
			children = (
				B1C5163D2814F46700BC0FB3 /* BudgetDetail.swift */,
				B1F3C8D2281632E8008EDCFF /* BudgetDetailList.swift */,
				B1F3C8D62817316C008EDCFF /* BudgetDetailListCell.swift */,
				B1F3C8D4281632F1008EDCFF /* BudgetDetailCart.swift */,
				B11A75692818762A007A2D0C /* BudgetDetailCartCell.swift */,
			);
			path = BudgetDetail;
			sourceTree = "<group>";
		};
		B1EE6225280E5B8700B5DFDE = {
			isa = PBXGroup;
			children = (
				B1EE6230280E5B8700B5DFDE /* Budge-CD */,
				B1EE622F280E5B8700B5DFDE /* Products */,
			);
			sourceTree = "<group>";
		};
		B1EE622F280E5B8700B5DFDE /* Products */ = {
			isa = PBXGroup;
			children = (
				B1EE622E280E5B8700B5DFDE /* Budge.app */,
			);
			name = Products;
			sourceTree = "<group>";
		};
		B1EE6230280E5B8700B5DFDE /* Budge-CD */ = {
			isa = PBXGroup;
			children = (
				B1EE6231280E5B8700B5DFDE /* Budge_CDApp.swift */,
				B1EE623F280F910200B5DFDE /* Views */,
				B1C5162E2812454500BC0FB3 /* CoreData */,
				B1C516392813950F00BC0FB3 /* Components */,
				B1EE6246280F928E00B5DFDE /* Enums */,
				B1EE6249280F931600B5DFDE /* Helpers */,
				B1EE6258280F975F00B5DFDE /* LocalData */,
				B1EE6235280E5B8800B5DFDE /* Assets.xcassets */,
				B1EE6237280E5B8800B5DFDE /* Preview Content */,
			);
			path = "Budge-CD";
			sourceTree = "<group>";
		};
		B1EE6237280E5B8800B5DFDE /* Preview Content */ = {
			isa = PBXGroup;
			children = (
				B1EE6238280E5B8800B5DFDE /* Preview Assets.xcassets */,
			);
			path = "Preview Content";
			sourceTree = "<group>";
		};
		B1EE623F280F910200B5DFDE /* Views */ = {
			isa = PBXGroup;
			children = (
				B1EE6242280F915700B5DFDE /* Launch */,
				B1EE6243280F91B300B5DFDE /* TabView */,
				B1EE624C280F93F100B5DFDE /* Budgets */,
				B1C5163C2814F30400BC0FB3 /* BudgetDetail */,
				B1EE624D280F940100B5DFDE /* Settings */,
			);
			path = Views;
			sourceTree = "<group>";
		};
		B1EE6242280F915700B5DFDE /* Launch */ = {
			isa = PBXGroup;
			children = (
				B1EE6233280E5B8700B5DFDE /* LaunchView.swift */,
			);
			path = Launch;
			sourceTree = "<group>";
		};
		B1EE6243280F91B300B5DFDE /* TabView */ = {
			isa = PBXGroup;
			children = (
				B1EE6244280F91EA00B5DFDE /* BudgeTabView.swift */,
			);
			path = TabView;
			sourceTree = "<group>";
		};
		B1EE6246280F928E00B5DFDE /* Enums */ = {
			isa = PBXGroup;
			children = (
				B1EE6247280F92B100B5DFDE /* Enums.swift */,
			);
			path = Enums;
			sourceTree = "<group>";
		};
		B1EE6249280F931600B5DFDE /* Helpers */ = {
			isa = PBXGroup;
			children = (
				B1EE6256280F968700B5DFDE /* Constants.swift */,
				B1EE624A280F932C00B5DFDE /* BudgeColors.swift */,
				B1EE6252280F965200B5DFDE /* HapticsManager.swift */,
				B1EE6254280F967500B5DFDE /* DismissKeyboard.swift */,
				B1C5163728134A7E00BC0FB3 /* Bundle-Decode.swift */,
			);
			path = Helpers;
			sourceTree = "<group>";
		};
		B1EE624C280F93F100B5DFDE /* Budgets */ = {
			isa = PBXGroup;
			children = (
				B1EE6250280F942F00B5DFDE /* Budgets.swift */,
				B1C5163328124DA400BC0FB3 /* BudgetListButton.swift */,
				B1C516352812548900BC0FB3 /* BudgetSetup.swift */,
			);
			path = Budgets;
			sourceTree = "<group>";
		};
		B1EE624D280F940100B5DFDE /* Settings */ = {
			isa = PBXGroup;
			children = (
				B1EE624E280F941C00B5DFDE /* Settings.swift */,
				B11A756B281A3B33007A2D0C /* AppIcon.swift */,
			);
			path = Settings;
			sourceTree = "<group>";
		};
		B1EE6258280F975F00B5DFDE /* LocalData */ = {
			isa = PBXGroup;
			children = (
				B1EE6259280F978700B5DFDE /* symbols.json */,
			);
			path = LocalData;
			sourceTree = "<group>";
		};
/* End PBXGroup section */

/* Begin PBXNativeTarget section */
		B1EE622D280E5B8700B5DFDE /* Budge-CD */ = {
			isa = PBXNativeTarget;
			buildConfigurationList = B1EE623C280E5B8800B5DFDE /* Build configuration list for PBXNativeTarget "Budge-CD" */;
			buildPhases = (
				B1EE622A280E5B8700B5DFDE /* Sources */,
				B1EE622B280E5B8700B5DFDE /* Frameworks */,
				B1EE622C280E5B8700B5DFDE /* Resources */,
			);
			buildRules = (
			);
			dependencies = (
			);
			name = "Budge-CD";
			productName = "Budge-CD";
			productReference = B1EE622E280E5B8700B5DFDE /* Budge.app */;
			productType = "com.apple.product-type.application";
		};
/* End PBXNativeTarget section */

/* Begin PBXProject section */
		B1EE6226280E5B8700B5DFDE /* Project object */ = {
			isa = PBXProject;
			attributes = {
				BuildIndependentTargetsInParallel = 1;
				LastSwiftUpdateCheck = 1330;
				LastUpgradeCheck = 1330;
				TargetAttributes = {
					B1EE622D280E5B8700B5DFDE = {
						CreatedOnToolsVersion = 13.3;
					};
				};
			};
			buildConfigurationList = B1EE6229280E5B8700B5DFDE /* Build configuration list for PBXProject "Budge-CD" */;
			compatibilityVersion = "Xcode 13.0";
			developmentRegion = en;
			hasScannedForEncodings = 0;
			knownRegions = (
				en,
				Base,
			);
			mainGroup = B1EE6225280E5B8700B5DFDE;
			productRefGroup = B1EE622F280E5B8700B5DFDE /* Products */;
			projectDirPath = "";
			projectRoot = "";
			targets = (
				B1EE622D280E5B8700B5DFDE /* Budge-CD */,
			);
		};
/* End PBXProject section */

/* Begin PBXResourcesBuildPhase section */
		B1EE622C280E5B8700B5DFDE /* Resources */ = {
			isa = PBXResourcesBuildPhase;
			buildActionMask = 2147483647;
			files = (
				B1EE6239280E5B8800B5DFDE /* Preview Assets.xcassets in Resources */,
				B1EE625A280F978700B5DFDE /* symbols.json in Resources */,
				B1EE6236280E5B8800B5DFDE /* Assets.xcassets in Resources */,
			);
			runOnlyForDeploymentPostprocessing = 0;
		};
/* End PBXResourcesBuildPhase section */

/* Begin PBXSourcesBuildPhase section */
		B1EE622A280E5B8700B5DFDE /* Sources */ = {
			isa = PBXSourcesBuildPhase;
			buildActionMask = 2147483647;
			files = (
				B1EE624F280F941C00B5DFDE /* Settings.swift in Sources */,
				B1EE6245280F91EA00B5DFDE /* BudgeTabView.swift in Sources */,
				B1F3C8D3281632E8008EDCFF /* BudgetDetailList.swift in Sources */,
				B1C5163428124DA400BC0FB3 /* BudgetListButton.swift in Sources */,
				B1C5163E2814F46700BC0FB3 /* BudgetDetail.swift in Sources */,
				B1EE6255280F967500B5DFDE /* DismissKeyboard.swift in Sources */,
				B1EE6234280E5B8700B5DFDE /* LaunchView.swift in Sources */,
				B15165582810FFCB00B17AFA /* BudgeModel.xcdatamodeld in Sources */,
				B1F3C8D928173A8A008EDCFF /* ComponentLabel.swift in Sources */,
				B1C5163B2813951E00BC0FB3 /* BudgeButton.swift in Sources */,
				B1EE624B280F932C00B5DFDE /* BudgeColors.swift in Sources */,
				B1C516322812469800BC0FB3 /* ViewModel.swift in Sources */,
				B11A756528177E55007A2D0C /* Item+CoreDataClass.swift in Sources */,
				B11A756728177E55007A2D0C /* Budget+CoreDataClass.swift in Sources */,
				B11A756828177E55007A2D0C /* Budget+CoreDataProperties.swift in Sources */,
				B1F3C8D72817316C008EDCFF /* BudgetDetailListCell.swift in Sources */,
				B1C516302812458100BC0FB3 /* CoreDataManager.swift in Sources */,
				B1C5163828134A7E00BC0FB3 /* Bundle-Decode.swift in Sources */,
				B11A756C281A3B33007A2D0C /* AppIcon.swift in Sources */,
				B1F3C8D5281632F1008EDCFF /* BudgetDetailCart.swift in Sources */,
				B1EE6257280F968700B5DFDE /* Constants.swift in Sources */,
				B11A756628177E55007A2D0C /* Item+CoreDataProperties.swift in Sources */,
				B1EE6232280E5B8700B5DFDE /* Budge_CDApp.swift in Sources */,
				B1EE6248280F92B100B5DFDE /* Enums.swift in Sources */,
				B11A756A2818762A007A2D0C /* BudgetDetailCartCell.swift in Sources */,
				B1C516362812548900BC0FB3 /* BudgetSetup.swift in Sources */,
				B1EE6253280F965200B5DFDE /* HapticsManager.swift in Sources */,
				B1EE6251280F942F00B5DFDE /* Budgets.swift in Sources */,
			);
			runOnlyForDeploymentPostprocessing = 0;
		};
/* End PBXSourcesBuildPhase section */

/* Begin XCBuildConfiguration section */
		B1EE623A280E5B8800B5DFDE /* Debug */ = {
			isa = XCBuildConfiguration;
			buildSettings = {
				ALWAYS_SEARCH_USER_PATHS = NO;
				CLANG_ANALYZER_NONNULL = YES;
				CLANG_ANALYZER_NUMBER_OBJECT_CONVERSION = YES_AGGRESSIVE;
				CLANG_CXX_LANGUAGE_STANDARD = "gnu++17";
				CLANG_ENABLE_MODULES = YES;
				CLANG_ENABLE_OBJC_ARC = YES;
				CLANG_ENABLE_OBJC_WEAK = YES;
				CLANG_WARN_BLOCK_CAPTURE_AUTORELEASING = YES;
				CLANG_WARN_BOOL_CONVERSION = YES;
				CLANG_WARN_COMMA = YES;
				CLANG_WARN_CONSTANT_CONVERSION = YES;
				CLANG_WARN_DEPRECATED_OBJC_IMPLEMENTATIONS = YES;
				CLANG_WARN_DIRECT_OBJC_ISA_USAGE = YES_ERROR;
				CLANG_WARN_DOCUMENTATION_COMMENTS = YES;
				CLANG_WARN_EMPTY_BODY = YES;
				CLANG_WARN_ENUM_CONVERSION = YES;
				CLANG_WARN_INFINITE_RECURSION = YES;
				CLANG_WARN_INT_CONVERSION = YES;
				CLANG_WARN_NON_LITERAL_NULL_CONVERSION = YES;
				CLANG_WARN_OBJC_IMPLICIT_RETAIN_SELF = YES;
				CLANG_WARN_OBJC_LITERAL_CONVERSION = YES;
				CLANG_WARN_OBJC_ROOT_CLASS = YES_ERROR;
				CLANG_WARN_QUOTED_INCLUDE_IN_FRAMEWORK_HEADER = YES;
				CLANG_WARN_RANGE_LOOP_ANALYSIS = YES;
				CLANG_WARN_STRICT_PROTOTYPES = YES;
				CLANG_WARN_SUSPICIOUS_MOVE = YES;
				CLANG_WARN_UNGUARDED_AVAILABILITY = YES_AGGRESSIVE;
				CLANG_WARN_UNREACHABLE_CODE = YES;
				CLANG_WARN__DUPLICATE_METHOD_MATCH = YES;
				COPY_PHASE_STRIP = NO;
				DEBUG_INFORMATION_FORMAT = dwarf;
				ENABLE_STRICT_OBJC_MSGSEND = YES;
				ENABLE_TESTABILITY = YES;
				GCC_C_LANGUAGE_STANDARD = gnu11;
				GCC_DYNAMIC_NO_PIC = NO;
				GCC_NO_COMMON_BLOCKS = YES;
				GCC_OPTIMIZATION_LEVEL = 0;
				GCC_PREPROCESSOR_DEFINITIONS = (
					"DEBUG=1",
					"$(inherited)",
				);
				GCC_WARN_64_TO_32_BIT_CONVERSION = YES;
				GCC_WARN_ABOUT_RETURN_TYPE = YES_ERROR;
				GCC_WARN_UNDECLARED_SELECTOR = YES;
				GCC_WARN_UNINITIALIZED_AUTOS = YES_AGGRESSIVE;
				GCC_WARN_UNUSED_FUNCTION = YES;
				GCC_WARN_UNUSED_VARIABLE = YES;
				IPHONEOS_DEPLOYMENT_TARGET = 15.0;
				MTL_ENABLE_DEBUG_INFO = INCLUDE_SOURCE;
				MTL_FAST_MATH = YES;
				ONLY_ACTIVE_ARCH = YES;
				SDKROOT = iphoneos;
				SWIFT_ACTIVE_COMPILATION_CONDITIONS = DEBUG;
				SWIFT_OPTIMIZATION_LEVEL = "-Onone";
			};
			name = Debug;
		};
		B1EE623B280E5B8800B5DFDE /* Release */ = {
			isa = XCBuildConfiguration;
			buildSettings = {
				ALWAYS_SEARCH_USER_PATHS = NO;
				CLANG_ANALYZER_NONNULL = YES;
				CLANG_ANALYZER_NUMBER_OBJECT_CONVERSION = YES_AGGRESSIVE;
				CLANG_CXX_LANGUAGE_STANDARD = "gnu++17";
				CLANG_ENABLE_MODULES = YES;
				CLANG_ENABLE_OBJC_ARC = YES;
				CLANG_ENABLE_OBJC_WEAK = YES;
				CLANG_WARN_BLOCK_CAPTURE_AUTORELEASING = YES;
				CLANG_WARN_BOOL_CONVERSION = YES;
				CLANG_WARN_COMMA = YES;
				CLANG_WARN_CONSTANT_CONVERSION = YES;
				CLANG_WARN_DEPRECATED_OBJC_IMPLEMENTATIONS = YES;
				CLANG_WARN_DIRECT_OBJC_ISA_USAGE = YES_ERROR;
				CLANG_WARN_DOCUMENTATION_COMMENTS = YES;
				CLANG_WARN_EMPTY_BODY = YES;
				CLANG_WARN_ENUM_CONVERSION = YES;
				CLANG_WARN_INFINITE_RECURSION = YES;
				CLANG_WARN_INT_CONVERSION = YES;
				CLANG_WARN_NON_LITERAL_NULL_CONVERSION = YES;
				CLANG_WARN_OBJC_IMPLICIT_RETAIN_SELF = YES;
				CLANG_WARN_OBJC_LITERAL_CONVERSION = YES;
				CLANG_WARN_OBJC_ROOT_CLASS = YES_ERROR;
				CLANG_WARN_QUOTED_INCLUDE_IN_FRAMEWORK_HEADER = YES;
				CLANG_WARN_RANGE_LOOP_ANALYSIS = YES;
				CLANG_WARN_STRICT_PROTOTYPES = YES;
				CLANG_WARN_SUSPICIOUS_MOVE = YES;
				CLANG_WARN_UNGUARDED_AVAILABILITY = YES_AGGRESSIVE;
				CLANG_WARN_UNREACHABLE_CODE = YES;
				CLANG_WARN__DUPLICATE_METHOD_MATCH = YES;
				COPY_PHASE_STRIP = NO;
				DEBUG_INFORMATION_FORMAT = "dwarf-with-dsym";
				ENABLE_NS_ASSERTIONS = NO;
				ENABLE_STRICT_OBJC_MSGSEND = YES;
				GCC_C_LANGUAGE_STANDARD = gnu11;
				GCC_NO_COMMON_BLOCKS = YES;
				GCC_WARN_64_TO_32_BIT_CONVERSION = YES;
				GCC_WARN_ABOUT_RETURN_TYPE = YES_ERROR;
				GCC_WARN_UNDECLARED_SELECTOR = YES;
				GCC_WARN_UNINITIALIZED_AUTOS = YES_AGGRESSIVE;
				GCC_WARN_UNUSED_FUNCTION = YES;
				GCC_WARN_UNUSED_VARIABLE = YES;
				IPHONEOS_DEPLOYMENT_TARGET = 15.0;
				MTL_ENABLE_DEBUG_INFO = NO;
				MTL_FAST_MATH = YES;
				SDKROOT = iphoneos;
				SWIFT_COMPILATION_MODE = wholemodule;
				SWIFT_OPTIMIZATION_LEVEL = "-O";
				VALIDATE_PRODUCT = YES;
			};
			name = Release;
		};
		B1EE623D280E5B8800B5DFDE /* Debug */ = {
			isa = XCBuildConfiguration;
			buildSettings = {
				ASSETCATALOG_COMPILER_APPICON_NAME = AppIcon;
				ASSETCATALOG_COMPILER_GLOBAL_ACCENT_COLOR_NAME = AccentColor;
				ASSETCATALOG_COMPILER_INCLUDE_ALL_APPICON_ASSETS = YES;
				CODE_SIGN_STYLE = Automatic;
				CURRENT_PROJECT_VERSION = 5;
				DEVELOPMENT_ASSET_PATHS = "\"Budge-CD/Preview Content\"";
				DEVELOPMENT_TEAM = H6X435593K;
				ENABLE_PREVIEWS = YES;
				GENERATE_INFOPLIST_FILE = YES;
				INFOPLIST_KEY_UIApplicationSceneManifest_Generation = YES;
				INFOPLIST_KEY_UIApplicationSupportsIndirectInputEvents = YES;
				INFOPLIST_KEY_UILaunchScreen_Generation = YES;
				INFOPLIST_KEY_UISupportedInterfaceOrientations = UIInterfaceOrientationPortrait;
				INFOPLIST_KEY_UISupportedInterfaceOrientations_iPad = "UIInterfaceOrientationPortrait UIInterfaceOrientationPortraitUpsideDown UIInterfaceOrientationLandscapeLeft UIInterfaceOrientationLandscapeRight";
				INFOPLIST_KEY_UISupportedInterfaceOrientations_iPhone = UIInterfaceOrientationPortrait;
				LD_RUNPATH_SEARCH_PATHS = (
					"$(inherited)",
					"@executable_path/Frameworks",
				);
				MARKETING_VERSION = 1.0;
				PRODUCT_BUNDLE_IDENTIFIER = "com.timothycbryant.Budge-CD";
				PRODUCT_NAME = Budge;
				SWIFT_EMIT_LOC_STRINGS = YES;
				SWIFT_VERSION = 5.0;
				TARGETED_DEVICE_FAMILY = "1,2";
			};
			name = Debug;
		};
		B1EE623E280E5B8800B5DFDE /* Release */ = {
			isa = XCBuildConfiguration;
			buildSettings = {
				ASSETCATALOG_COMPILER_APPICON_NAME = AppIcon;
				ASSETCATALOG_COMPILER_GLOBAL_ACCENT_COLOR_NAME = AccentColor;
				ASSETCATALOG_COMPILER_INCLUDE_ALL_APPICON_ASSETS = YES;
				CODE_SIGN_STYLE = Automatic;
				CURRENT_PROJECT_VERSION = 5;
				DEVELOPMENT_ASSET_PATHS = "\"Budge-CD/Preview Content\"";
				DEVELOPMENT_TEAM = H6X435593K;
				ENABLE_PREVIEWS = YES;
				GENERATE_INFOPLIST_FILE = YES;
				INFOPLIST_KEY_UIApplicationSceneManifest_Generation = YES;
				INFOPLIST_KEY_UIApplicationSupportsIndirectInputEvents = YES;
				INFOPLIST_KEY_UILaunchScreen_Generation = YES;
				INFOPLIST_KEY_UISupportedInterfaceOrientations = UIInterfaceOrientationPortrait;
				INFOPLIST_KEY_UISupportedInterfaceOrientations_iPad = "UIInterfaceOrientationPortrait UIInterfaceOrientationPortraitUpsideDown UIInterfaceOrientationLandscapeLeft UIInterfaceOrientationLandscapeRight";
				INFOPLIST_KEY_UISupportedInterfaceOrientations_iPhone = UIInterfaceOrientationPortrait;
				LD_RUNPATH_SEARCH_PATHS = (
					"$(inherited)",
					"@executable_path/Frameworks",
				);
				MARKETING_VERSION = 1.0;
				PRODUCT_BUNDLE_IDENTIFIER = "com.timothycbryant.Budge-CD";
				PRODUCT_NAME = Budge;
				SWIFT_EMIT_LOC_STRINGS = YES;
				SWIFT_VERSION = 5.0;
				TARGETED_DEVICE_FAMILY = "1,2";
			};
			name = Release;
		};
/* End XCBuildConfiguration section */

/* Begin XCConfigurationList section */
		B1EE6229280E5B8700B5DFDE /* Build configuration list for PBXProject "Budge-CD" */ = {
			isa = XCConfigurationList;
			buildConfigurations = (
				B1EE623A280E5B8800B5DFDE /* Debug */,
				B1EE623B280E5B8800B5DFDE /* Release */,
			);
			defaultConfigurationIsVisible = 0;
			defaultConfigurationName = Release;
		};
		B1EE623C280E5B8800B5DFDE /* Build configuration list for PBXNativeTarget "Budge-CD" */ = {
			isa = XCConfigurationList;
			buildConfigurations = (
				B1EE623D280E5B8800B5DFDE /* Debug */,
				B1EE623E280E5B8800B5DFDE /* Release */,
			);
			defaultConfigurationIsVisible = 0;
			defaultConfigurationName = Release;
		};
/* End XCConfigurationList section */

/* Begin XCVersionGroup section */
		B15165562810FFCB00B17AFA /* BudgeModel.xcdatamodeld */ = {
			isa = XCVersionGroup;
			children = (
				B15165572810FFCB00B17AFA /* BudgeModel.xcdatamodel */,
			);
			currentVersion = B15165572810FFCB00B17AFA /* BudgeModel.xcdatamodel */;
			path = BudgeModel.xcdatamodeld;
			sourceTree = "<group>";
			versionGroupType = wrapper.xcdatamodel;
		};
/* End XCVersionGroup section */
	};
	rootObject = B1EE6226280E5B8700B5DFDE /* Project object */;
}
